
Microsoft Visual Studio Solution File, Format Version 12.00
# Visual Studio Version 16
VisualStudioVersion = 16.0.29215.179
MinimumVisualStudioVersion = 10.0.40219.1
Project("{9A19103F-16F7-4668-BE54-9A1E7A4F7556}") = "Heroes.SDK", "Heroes.SDK.Library\Heroes.SDK.csproj", "{DA25850E-D0C9-4B57-BEF0-2FD33BACE31A}"
EndProject
Project("{9A19103F-16F7-4668-BE54-9A1E7A4F7556}") = "Heroes.SDK.Tests", "Heroes.SDK.Tests\Heroes.SDK.Tests.csproj", "{5CDE7381-48EE-4F81-82D5-A273B12073FA}"
EndProject
Global
	GlobalSection(SolutionConfigurationPlatforms) = preSolution
		Debug|Any CPU = Debug|Any CPU
		Release|Any CPU = Release|Any CPU
	EndGlobalSection
	GlobalSection(ProjectConfigurationPlatforms) = postSolution
		{DA25850E-D0C9-4B57-BEF0-2FD33BACE31A}.Debug|Any CPU.ActiveCfg = Debug|Any CPU
		{DA25850E-D0C9-4B57-BEF0-2FD33BACE31A}.Debug|Any CPU.Build.0 = Debug|Any CPU
		{DA25850E-D0C9-4B57-BEF0-2FD33BACE31A}.Release|Any CPU.ActiveCfg = Release|Any CPU
		{DA25850E-D0C9-4B57-BEF0-2FD33BACE31A}.Release|Any CPU.Build.0 = Release|Any CPU
		{5CDE7381-48EE-4F81-82D5-A273B12073FA}.Debug|Any CPU.ActiveCfg = Debug|Any CPU
		{5CDE7381-48EE-4F81-82D5-A273B12073FA}.Debug|Any CPU.Build.0 = Debug|Any CPU
		{5CDE7381-48EE-4F81-82D5-A273B12073FA}.Release|Any CPU.ActiveCfg = Release|Any CPU
		{5CDE7381-48EE-4F81-82D5-A273B12073FA}.Release|Any CPU.Build.0 = Release|Any CPU
	EndGlobalSection
	GlobalSection(SolutionProperties) = preSolution
		HideSolutionNode = FALSE
	EndGlobalSection
	GlobalSection(ExtensibilityGlobals) = postSolution
		SolutionGuid = {CE1BC659-F0C3-4718-8855-70A9F2768EE3}
	EndGlobalSection
EndGlobal
